
Microsoft Visual Studio Solution File, Format Version 12.00
# Visual Studio 15
VisualStudioVersion = 15.0.28307.421
MinimumVisualStudioVersion = 10.0.40219.1
Project("{FAE04EC0-301F-11D3-BF4B-00C04F79EFBC}") = "AdminView", "CarritoMVC\AdminView.csproj", "{F2933505-9CD1-412F-87F3-441267AAC097}"
EndProject
Project("{FAE04EC0-301F-11D3-BF4B-00C04F79EFBC}") = "TiendaView", "CapaPresentacionTienda\TiendaView.csproj", "{5939B1E1-F301-4114-B681-7255CD9051AA}"
EndProject
Project("{FAE04EC0-301F-11D3-BF4B-00C04F79EFBC}") = "CapaDatos", "CapaDatos\CapaDatos.csproj", "{34EB9E37-B0EE-411B-98A6-3A592BBB2265}"
EndProject
Project("{FAE04EC0-301F-11D3-BF4B-00C04F79EFBC}") = "CapaEntidad", "CapaEntidad\CapaEntidad.csproj", "{7A730ED0-3300-41D7-8520-1D4276520C91}"
EndProject
Project("{FAE04EC0-301F-11D3-BF4B-00C04F79EFBC}") = "CapaNegocio", "CapaNegocio\CapaNegocio.csproj", "{1B20FAE8-8167-486E-8422-3B3B7121C1C6}"
EndProject
Global
	GlobalSection(SolutionConfigurationPlatforms) = preSolution
		Debug|Any CPU = Debug|Any CPU
		Release|Any CPU = Release|Any CPU
	EndGlobalSection
	GlobalSection(ProjectConfigurationPlatforms) = postSolution
		{F2933505-9CD1-412F-87F3-441267AAC097}.Debug|Any CPU.ActiveCfg = Debug|Any CPU
		{F2933505-9CD1-412F-87F3-441267AAC097}.Debug|Any CPU.Build.0 = Debug|Any CPU
		{F2933505-9CD1-412F-87F3-441267AAC097}.Release|Any CPU.ActiveCfg = Release|Any CPU
		{F2933505-9CD1-412F-87F3-441267AAC097}.Release|Any CPU.Build.0 = Release|Any CPU
		{5939B1E1-F301-4114-B681-7255CD9051AA}.Debug|Any CPU.ActiveCfg = Debug|Any CPU
		{5939B1E1-F301-4114-B681-7255CD9051AA}.Debug|Any CPU.Build.0 = Debug|Any CPU
		{5939B1E1-F301-4114-B681-7255CD9051AA}.Release|Any CPU.ActiveCfg = Release|Any CPU
		{5939B1E1-F301-4114-B681-7255CD9051AA}.Release|Any CPU.Build.0 = Release|Any CPU
		{34EB9E37-B0EE-411B-98A6-3A592BBB2265}.Debug|Any CPU.ActiveCfg = Debug|Any CPU
		{34EB9E37-B0EE-411B-98A6-3A592BBB2265}.Debug|Any CPU.Build.0 = Debug|Any CPU
		{34EB9E37-B0EE-411B-98A6-3A592BBB2265}.Release|Any CPU.ActiveCfg = Release|Any CPU
		{34EB9E37-B0EE-411B-98A6-3A592BBB2265}.Release|Any CPU.Build.0 = Release|Any CPU
		{7A730ED0-3300-41D7-8520-1D4276520C91}.Debug|Any CPU.ActiveCfg = Debug|Any CPU
		{7A730ED0-3300-41D7-8520-1D4276520C91}.Debug|Any CPU.Build.0 = Debug|Any CPU
		{7A730ED0-3300-41D7-8520-1D4276520C91}.Release|Any CPU.ActiveCfg = Release|Any CPU
		{7A730ED0-3300-41D7-8520-1D4276520C91}.Release|Any CPU.Build.0 = Release|Any CPU
		{1B20FAE8-8167-486E-8422-3B3B7121C1C6}.Debug|Any CPU.ActiveCfg = Debug|Any CPU
		{1B20FAE8-8167-486E-8422-3B3B7121C1C6}.Debug|Any CPU.Build.0 = Debug|Any CPU
		{1B20FAE8-8167-486E-8422-3B3B7121C1C6}.Release|Any CPU.ActiveCfg = Release|Any CPU
		{1B20FAE8-8167-486E-8422-3B3B7121C1C6}.Release|Any CPU.Build.0 = Release|Any CPU
	EndGlobalSection
	GlobalSection(SolutionProperties) = preSolution
		HideSolutionNode = FALSE
	EndGlobalSection
	GlobalSection(ExtensibilityGlobals) = postSolution
		SolutionGuid = {627A7C73-EDF2-427C-B59F-C8EF4635EA7F}
	EndGlobalSection
EndGlobal
